
Microsoft Visual Studio Solution File, Format Version 12.00
# Visual Studio Version 16
VisualStudioVersion = 16.0.808.10
MinimumVisualStudioVersion = 10.0.40219.1
Project("{FAE04EC0-301F-11D3-BF4B-00C04F79EFBC}") = "IMDBAPI", "IMDBAPI\IMDBAPI.csproj", "{A06D0283-4DE4-48C0-98EF-4B2C635D8627}"
EndProject
Project("{2150E333-8FDC-42A3-9474-1A3956D46DE8}") = "Solution Items", "Solution Items", "{27CD3CF2-219C-4A2E-B4D1-C0E851956684}"
	ProjectSection(SolutionItems) = preProject
		ConnectionDemo.cs = ConnectionDemo.cs
	EndProjectSection
EndProject
Project("{FAE04EC0-301F-11D3-BF4B-00C04F79EFBC}") = "IMDB.Tests", "IMDB.Tests\IMDB.Tests.csproj", "{BA1BEE93-617F-40BA-BD2F-6EBCED99C3DA}"
EndProject
Global
	GlobalSection(SolutionConfigurationPlatforms) = preSolution
		Debug|Any CPU = Debug|Any CPU
		Release|Any CPU = Release|Any CPU
	EndGlobalSection
	GlobalSection(ProjectConfigurationPlatforms) = postSolution
		{A06D0283-4DE4-48C0-98EF-4B2C635D8627}.Debug|Any CPU.ActiveCfg = Debug|Any CPU
		{A06D0283-4DE4-48C0-98EF-4B2C635D8627}.Debug|Any CPU.Build.0 = Debug|Any CPU
		{A06D0283-4DE4-48C0-98EF-4B2C635D8627}.Release|Any CPU.ActiveCfg = Release|Any CPU
		{A06D0283-4DE4-48C0-98EF-4B2C635D8627}.Release|Any CPU.Build.0 = Release|Any CPU
		{BA1BEE93-617F-40BA-BD2F-6EBCED99C3DA}.Debug|Any CPU.ActiveCfg = Debug|Any CPU
		{BA1BEE93-617F-40BA-BD2F-6EBCED99C3DA}.Debug|Any CPU.Build.0 = Debug|Any CPU
		{BA1BEE93-617F-40BA-BD2F-6EBCED99C3DA}.Release|Any CPU.ActiveCfg = Release|Any CPU
		{BA1BEE93-617F-40BA-BD2F-6EBCED99C3DA}.Release|Any CPU.Build.0 = Release|Any CPU
	EndGlobalSection
	GlobalSection(SolutionProperties) = preSolution
		HideSolutionNode = FALSE
	EndGlobalSection
	GlobalSection(ExtensibilityGlobals) = postSolution
		SolutionGuid = {53575041-B885-4E78-BDFC-E2586FB2EAA6}
	EndGlobalSection
EndGlobal
