
Microsoft Visual Studio Solution File, Format Version 12.00
# Visual Studio Version 16
VisualStudioVersion = 16.0.808.10
MinimumVisualStudioVersion = 10.0.40219.1
Project("{FAE04EC0-301F-11D3-BF4B-00C04F79EFBC}") = "IMDBApplication", "IMDBApplication.csproj", "{048F0121-B7AE-464B-BC19-9F01A22156B1}"
EndProject
Global
	GlobalSection(SolutionConfigurationPlatforms) = preSolution
		Debug|Any CPU = Debug|Any CPU
		Release|Any CPU = Release|Any CPU
	EndGlobalSection
	GlobalSection(ProjectConfigurationPlatforms) = postSolution
		{048F0121-B7AE-464B-BC19-9F01A22156B1}.Debug|Any CPU.ActiveCfg = Debug|Any CPU
		{048F0121-B7AE-464B-BC19-9F01A22156B1}.Debug|Any CPU.Build.0 = Debug|Any CPU
		{048F0121-B7AE-464B-BC19-9F01A22156B1}.Release|Any CPU.ActiveCfg = Release|Any CPU
		{048F0121-B7AE-464B-BC19-9F01A22156B1}.Release|Any CPU.Build.0 = Release|Any CPU
	EndGlobalSection
	GlobalSection(SolutionProperties) = preSolution
		HideSolutionNode = FALSE
	EndGlobalSection
	GlobalSection(ExtensibilityGlobals) = postSolution
		SolutionGuid = {A7C081B7-E1DA-4C60-BB4A-319644C1D254}
	EndGlobalSection
EndGlobal
